
Microsoft Visual Studio Solution File, Format Version 12.00
# Visual Studio 15
Project("{FAE04EC0-301F-11D3-BF4B-00C04F79EFBC}") = "SimpleWebTransport", "SimpleWebTransport.csproj", "{EC4B5CFE-0A1D-C248-B890-5FAE25CECC6B}"
EndProject
Project("{FAE04EC0-301F-11D3-BF4B-00C04F79EFBC}") = "Mirror.Examples", "Mirror.Examples.csproj", "{87EC28D4-112F-5A88-8AD0-6B5F51A0D286}"
EndProject
Project("{FAE04EC0-301F-11D3-BF4B-00C04F79EFBC}") = "Mirror", "Mirror.csproj", "{C9855930-B03B-A30A-44FE-656A8D2490F4}"
EndProject
Project("{FAE04EC0-301F-11D3-BF4B-00C04F79EFBC}") = "Mirror.Components", "Mirror.Components.csproj", "{8DCEFDF8-7537-A419-7343-17DE89E347C2}"
EndProject
Project("{FAE04EC0-301F-11D3-BF4B-00C04F79EFBC}") = "Telepathy", "Telepathy.csproj", "{FAEEB109-9242-B718-C9C9-7DA26DE87406}"
EndProject
Project("{FAE04EC0-301F-11D3-BF4B-00C04F79EFBC}") = "Assembly-CSharp", "Assembly-CSharp.csproj", "{4B546F87-F7E0-FD76-70A0-6442AA2322E1}"
EndProject
Project("{FAE04EC0-301F-11D3-BF4B-00C04F79EFBC}") = "kcp2k", "kcp2k.csproj", "{DCF1C5A5-9601-EEDC-1617-F392F965206A}"
EndProject
Project("{FAE04EC0-301F-11D3-BF4B-00C04F79EFBC}") = "where-allocations", "where-allocations.csproj", "{677CD031-14DA-A719-72D6-8654FB81DC4D}"
EndProject
Project("{FAE04EC0-301F-11D3-BF4B-00C04F79EFBC}") = "Mirror.Authenticators", "Mirror.Authenticators.csproj", "{027A8B59-2A7B-6B1B-2063-CA45C80E6E57}"
EndProject
Project("{FAE04EC0-301F-11D3-BF4B-00C04F79EFBC}") = "PhotonUnityNetworking.Demos", "PhotonUnityNetworking.Demos.csproj", "{DF3EB51E-F77E-0BB1-30AF-F20494750655}"
EndProject
Project("{FAE04EC0-301F-11D3-BF4B-00C04F79EFBC}") = "PhotonUnityNetworking.Utilities", "PhotonUnityNetworking.Utilities.csproj", "{97A13CFB-DB8A-A83F-6923-544E817716E1}"
EndProject
Project("{FAE04EC0-301F-11D3-BF4B-00C04F79EFBC}") = "PhotonChat", "PhotonChat.csproj", "{C3289A7F-04B8-968C-2E8B-360F215C9896}"
EndProject
Project("{FAE04EC0-301F-11D3-BF4B-00C04F79EFBC}") = "PhotonUnityNetworking", "PhotonUnityNetworking.csproj", "{F40E8D55-B588-A81F-ACFC-FC032B2D3EF8}"
EndProject
Project("{FAE04EC0-301F-11D3-BF4B-00C04F79EFBC}") = "PhotonRealtime", "PhotonRealtime.csproj", "{F6B604D0-2688-3B22-03E2-A642869426EE}"
EndProject
Project("{FAE04EC0-301F-11D3-BF4B-00C04F79EFBC}") = "Unity.Mirror.CodeGen", "Unity.Mirror.CodeGen.csproj", "{ED111B2B-00E9-13FB-2E0C-DE1B6C1E3289}"
EndProject
Project("{FAE04EC0-301F-11D3-BF4B-00C04F79EFBC}") = "Mirror.Editor", "Mirror.Editor.csproj", "{D45D7B07-B39C-03BC-8C10-492BCFD088CD}"
EndProject
Project("{FAE04EC0-301F-11D3-BF4B-00C04F79EFBC}") = "Mirror.CompilerSymbols", "Mirror.CompilerSymbols.csproj", "{2E09A340-35B9-FE67-7768-5B8864ABFD11}"
EndProject
Project("{FAE04EC0-301F-11D3-BF4B-00C04F79EFBC}") = "Assembly-CSharp-Editor", "Assembly-CSharp-Editor.csproj", "{7E26B206-CAA8-4C69-6C5D-8579126FF56F}"
EndProject
Project("{FAE04EC0-301F-11D3-BF4B-00C04F79EFBC}") = "PhotonUnityNetworking.Editor", "PhotonUnityNetworking.Editor.csproj", "{18204612-4B13-E5B1-C5B3-C0E6E6E5F3D3}"
EndProject
Project("{FAE04EC0-301F-11D3-BF4B-00C04F79EFBC}") = "PunDemos.DemoSlotcarEditor", "PunDemos.DemoSlotcarEditor.csproj", "{0E58C739-7F56-9ECD-5914-29722D9F2028}"
EndProject
Project("{FAE04EC0-301F-11D3-BF4B-00C04F79EFBC}") = "PhotonUnityNetworking.Utilities.PhotonPlayer.Editor", "PhotonUnityNetworking.Utilities.PhotonPlayer.Editor.csproj", "{77EAC2DC-759A-7557-406B-C34AF21113AA}"
EndProject
Project("{FAE04EC0-301F-11D3-BF4B-00C04F79EFBC}") = "PhotonUnityNetworking.Utilities.Culling.Editor", "PhotonUnityNetworking.Utilities.Culling.Editor.csproj", "{D66203ED-AACE-5B7D-A5AC-5112B0A09138}"
EndProject
Project("{FAE04EC0-301F-11D3-BF4B-00C04F79EFBC}") = "PunDemos.DemoHubEditor", "PunDemos.DemoHubEditor.csproj", "{26BB8C34-509F-4E70-91AF-53EF4A42FA0D}"
EndProject
Global
	GlobalSection(SolutionConfigurationPlatforms) = preSolution
		Debug|Any CPU = Debug|Any CPU
		Release|Any CPU = Release|Any CPU
	EndGlobalSection
	GlobalSection(ProjectConfigurationPlatforms) = postSolution
		{EC4B5CFE-0A1D-C248-B890-5FAE25CECC6B}.Debug|Any CPU.ActiveCfg = Debug|Any CPU
		{EC4B5CFE-0A1D-C248-B890-5FAE25CECC6B}.Debug|Any CPU.Build.0 = Debug|Any CPU
		{EC4B5CFE-0A1D-C248-B890-5FAE25CECC6B}.Release|Any CPU.ActiveCfg = Release|Any CPU
		{EC4B5CFE-0A1D-C248-B890-5FAE25CECC6B}.Release|Any CPU.Build.0 = Release|Any CPU
		{87EC28D4-112F-5A88-8AD0-6B5F51A0D286}.Debug|Any CPU.ActiveCfg = Debug|Any CPU
		{87EC28D4-112F-5A88-8AD0-6B5F51A0D286}.Debug|Any CPU.Build.0 = Debug|Any CPU
		{87EC28D4-112F-5A88-8AD0-6B5F51A0D286}.Release|Any CPU.ActiveCfg = Release|Any CPU
		{87EC28D4-112F-5A88-8AD0-6B5F51A0D286}.Release|Any CPU.Build.0 = Release|Any CPU
		{C9855930-B03B-A30A-44FE-656A8D2490F4}.Debug|Any CPU.ActiveCfg = Debug|Any CPU
		{C9855930-B03B-A30A-44FE-656A8D2490F4}.Debug|Any CPU.Build.0 = Debug|Any CPU
		{C9855930-B03B-A30A-44FE-656A8D2490F4}.Release|Any CPU.ActiveCfg = Release|Any CPU
		{C9855930-B03B-A30A-44FE-656A8D2490F4}.Release|Any CPU.Build.0 = Release|Any CPU
		{8DCEFDF8-7537-A419-7343-17DE89E347C2}.Debug|Any CPU.ActiveCfg = Debug|Any CPU
		{8DCEFDF8-7537-A419-7343-17DE89E347C2}.Debug|Any CPU.Build.0 = Debug|Any CPU
		{8DCEFDF8-7537-A419-7343-17DE89E347C2}.Release|Any CPU.ActiveCfg = Release|Any CPU
		{8DCEFDF8-7537-A419-7343-17DE89E347C2}.Release|Any CPU.Build.0 = Release|Any CPU
		{FAEEB109-9242-B718-C9C9-7DA26DE87406}.Debug|Any CPU.ActiveCfg = Debug|Any CPU
		{FAEEB109-9242-B718-C9C9-7DA26DE87406}.Debug|Any CPU.Build.0 = Debug|Any CPU
		{FAEEB109-9242-B718-C9C9-7DA26DE87406}.Release|Any CPU.ActiveCfg = Release|Any CPU
		{FAEEB109-9242-B718-C9C9-7DA26DE87406}.Release|Any CPU.Build.0 = Release|Any CPU
		{4B546F87-F7E0-FD76-70A0-6442AA2322E1}.Debug|Any CPU.ActiveCfg = Debug|Any CPU
		{4B546F87-F7E0-FD76-70A0-6442AA2322E1}.Debug|Any CPU.Build.0 = Debug|Any CPU
		{4B546F87-F7E0-FD76-70A0-6442AA2322E1}.Release|Any CPU.ActiveCfg = Release|Any CPU
		{4B546F87-F7E0-FD76-70A0-6442AA2322E1}.Release|Any CPU.Build.0 = Release|Any CPU
		{DCF1C5A5-9601-EEDC-1617-F392F965206A}.Debug|Any CPU.ActiveCfg = Debug|Any CPU
		{DCF1C5A5-9601-EEDC-1617-F392F965206A}.Debug|Any CPU.Build.0 = Debug|Any CPU
		{DCF1C5A5-9601-EEDC-1617-F392F965206A}.Release|Any CPU.ActiveCfg = Release|Any CPU
		{DCF1C5A5-9601-EEDC-1617-F392F965206A}.Release|Any CPU.Build.0 = Release|Any CPU
		{677CD031-14DA-A719-72D6-8654FB81DC4D}.Debug|Any CPU.ActiveCfg = Debug|Any CPU
		{677CD031-14DA-A719-72D6-8654FB81DC4D}.Debug|Any CPU.Build.0 = Debug|Any CPU
		{677CD031-14DA-A719-72D6-8654FB81DC4D}.Release|Any CPU.ActiveCfg = Release|Any CPU
		{677CD031-14DA-A719-72D6-8654FB81DC4D}.Release|Any CPU.Build.0 = Release|Any CPU
		{027A8B59-2A7B-6B1B-2063-CA45C80E6E57}.Debug|Any CPU.ActiveCfg = Debug|Any CPU
		{027A8B59-2A7B-6B1B-2063-CA45C80E6E57}.Debug|Any CPU.Build.0 = Debug|Any CPU
		{027A8B59-2A7B-6B1B-2063-CA45C80E6E57}.Release|Any CPU.ActiveCfg = Release|Any CPU
		{027A8B59-2A7B-6B1B-2063-CA45C80E6E57}.Release|Any CPU.Build.0 = Release|Any CPU
		{DF3EB51E-F77E-0BB1-30AF-F20494750655}.Debug|Any CPU.ActiveCfg = Debug|Any CPU
		{DF3EB51E-F77E-0BB1-30AF-F20494750655}.Debug|Any CPU.Build.0 = Debug|Any CPU
		{DF3EB51E-F77E-0BB1-30AF-F20494750655}.Release|Any CPU.ActiveCfg = Release|Any CPU
		{DF3EB51E-F77E-0BB1-30AF-F20494750655}.Release|Any CPU.Build.0 = Release|Any CPU
		{97A13CFB-DB8A-A83F-6923-544E817716E1}.Debug|Any CPU.ActiveCfg = Debug|Any CPU
		{97A13CFB-DB8A-A83F-6923-544E817716E1}.Debug|Any CPU.Build.0 = Debug|Any CPU
		{97A13CFB-DB8A-A83F-6923-544E817716E1}.Release|Any CPU.ActiveCfg = Release|Any CPU
		{97A13CFB-DB8A-A83F-6923-544E817716E1}.Release|Any CPU.Build.0 = Release|Any CPU
		{C3289A7F-04B8-968C-2E8B-360F215C9896}.Debug|Any CPU.ActiveCfg = Debug|Any CPU
		{C3289A7F-04B8-968C-2E8B-360F215C9896}.Debug|Any CPU.Build.0 = Debug|Any CPU
		{C3289A7F-04B8-968C-2E8B-360F215C9896}.Release|Any CPU.ActiveCfg = Release|Any CPU
		{C3289A7F-04B8-968C-2E8B-360F215C9896}.Release|Any CPU.Build.0 = Release|Any CPU
		{F40E8D55-B588-A81F-ACFC-FC032B2D3EF8}.Debug|Any CPU.ActiveCfg = Debug|Any CPU
		{F40E8D55-B588-A81F-ACFC-FC032B2D3EF8}.Debug|Any CPU.Build.0 = Debug|Any CPU
		{F40E8D55-B588-A81F-ACFC-FC032B2D3EF8}.Release|Any CPU.ActiveCfg = Release|Any CPU
		{F40E8D55-B588-A81F-ACFC-FC032B2D3EF8}.Release|Any CPU.Build.0 = Release|Any CPU
		{F6B604D0-2688-3B22-03E2-A642869426EE}.Debug|Any CPU.ActiveCfg = Debug|Any CPU
		{F6B604D0-2688-3B22-03E2-A642869426EE}.Debug|Any CPU.Build.0 = Debug|Any CPU
		{F6B604D0-2688-3B22-03E2-A642869426EE}.Release|Any CPU.ActiveCfg = Release|Any CPU
		{F6B604D0-2688-3B22-03E2-A642869426EE}.Release|Any CPU.Build.0 = Release|Any CPU
		{ED111B2B-00E9-13FB-2E0C-DE1B6C1E3289}.Debug|Any CPU.ActiveCfg = Debug|Any CPU
		{ED111B2B-00E9-13FB-2E0C-DE1B6C1E3289}.Debug|Any CPU.Build.0 = Debug|Any CPU
		{ED111B2B-00E9-13FB-2E0C-DE1B6C1E3289}.Release|Any CPU.ActiveCfg = Release|Any CPU
		{ED111B2B-00E9-13FB-2E0C-DE1B6C1E3289}.Release|Any CPU.Build.0 = Release|Any CPU
		{D45D7B07-B39C-03BC-8C10-492BCFD088CD}.Debug|Any CPU.ActiveCfg = Debug|Any CPU
		{D45D7B07-B39C-03BC-8C10-492BCFD088CD}.Debug|Any CPU.Build.0 = Debug|Any CPU
		{D45D7B07-B39C-03BC-8C10-492BCFD088CD}.Release|Any CPU.ActiveCfg = Release|Any CPU
		{D45D7B07-B39C-03BC-8C10-492BCFD088CD}.Release|Any CPU.Build.0 = Release|Any CPU
		{2E09A340-35B9-FE67-7768-5B8864ABFD11}.Debug|Any CPU.ActiveCfg = Debug|Any CPU
		{2E09A340-35B9-FE67-7768-5B8864ABFD11}.Debug|Any CPU.Build.0 = Debug|Any CPU
		{2E09A340-35B9-FE67-7768-5B8864ABFD11}.Release|Any CPU.ActiveCfg = Release|Any CPU
		{2E09A340-35B9-FE67-7768-5B8864ABFD11}.Release|Any CPU.Build.0 = Release|Any CPU
		{7E26B206-CAA8-4C69-6C5D-8579126FF56F}.Debug|Any CPU.ActiveCfg = Debug|Any CPU
		{7E26B206-CAA8-4C69-6C5D-8579126FF56F}.Debug|Any CPU.Build.0 = Debug|Any CPU
		{7E26B206-CAA8-4C69-6C5D-8579126FF56F}.Release|Any CPU.ActiveCfg = Release|Any CPU
		{7E26B206-CAA8-4C69-6C5D-8579126FF56F}.Release|Any CPU.Build.0 = Release|Any CPU
		{18204612-4B13-E5B1-C5B3-C0E6E6E5F3D3}.Debug|Any CPU.ActiveCfg = Debug|Any CPU
		{18204612-4B13-E5B1-C5B3-C0E6E6E5F3D3}.Debug|Any CPU.Build.0 = Debug|Any CPU
		{18204612-4B13-E5B1-C5B3-C0E6E6E5F3D3}.Release|Any CPU.ActiveCfg = Release|Any CPU
		{18204612-4B13-E5B1-C5B3-C0E6E6E5F3D3}.Release|Any CPU.Build.0 = Release|Any CPU
		{0E58C739-7F56-9ECD-5914-29722D9F2028}.Debug|Any CPU.ActiveCfg = Debug|Any CPU
		{0E58C739-7F56-9ECD-5914-29722D9F2028}.Debug|Any CPU.Build.0 = Debug|Any CPU
		{0E58C739-7F56-9ECD-5914-29722D9F2028}.Release|Any CPU.ActiveCfg = Release|Any CPU
		{0E58C739-7F56-9ECD-5914-29722D9F2028}.Release|Any CPU.Build.0 = Release|Any CPU
		{77EAC2DC-759A-7557-406B-C34AF21113AA}.Debug|Any CPU.ActiveCfg = Debug|Any CPU
		{77EAC2DC-759A-7557-406B-C34AF21113AA}.Debug|Any CPU.Build.0 = Debug|Any CPU
		{77EAC2DC-759A-7557-406B-C34AF21113AA}.Release|Any CPU.ActiveCfg = Release|Any CPU
		{77EAC2DC-759A-7557-406B-C34AF21113AA}.Release|Any CPU.Build.0 = Release|Any CPU
		{D66203ED-AACE-5B7D-A5AC-5112B0A09138}.Debug|Any CPU.ActiveCfg = Debug|Any CPU
		{D66203ED-AACE-5B7D-A5AC-5112B0A09138}.Debug|Any CPU.Build.0 = Debug|Any CPU
		{D66203ED-AACE-5B7D-A5AC-5112B0A09138}.Release|Any CPU.ActiveCfg = Release|Any CPU
		{D66203ED-AACE-5B7D-A5AC-5112B0A09138}.Release|Any CPU.Build.0 = Release|Any CPU
		{26BB8C34-509F-4E70-91AF-53EF4A42FA0D}.Debug|Any CPU.ActiveCfg = Debug|Any CPU
		{26BB8C34-509F-4E70-91AF-53EF4A42FA0D}.Debug|Any CPU.Build.0 = Debug|Any CPU
		{26BB8C34-509F-4E70-91AF-53EF4A42FA0D}.Release|Any CPU.ActiveCfg = Release|Any CPU
		{26BB8C34-509F-4E70-91AF-53EF4A42FA0D}.Release|Any CPU.Build.0 = Release|Any CPU
	EndGlobalSection
	GlobalSection(SolutionProperties) = preSolution
		HideSolutionNode = FALSE
	EndGlobalSection
EndGlobal
